
Microsoft Visual Studio Solution File, Format Version 12.00
# Visual Studio Version 16
VisualStudioVersion = 16.0.31515.178
MinimumVisualStudioVersion = 10.0.40219.1
Project("{888888A0-9F3D-457C-B088-3A5042F75D52}") = "CIS 261 Course project", "CIS 261 Course project.pyproj", "{92F9294A-9883-4BC6-B487-7BD8842465BC}"
EndProject
Global
	GlobalSection(SolutionConfigurationPlatforms) = preSolution
		Debug|Any CPU = Debug|Any CPU
		Release|Any CPU = Release|Any CPU
	EndGlobalSection
	GlobalSection(ProjectConfigurationPlatforms) = postSolution
		{92F9294A-9883-4BC6-B487-7BD8842465BC}.Debug|Any CPU.ActiveCfg = Debug|Any CPU
		{92F9294A-9883-4BC6-B487-7BD8842465BC}.Release|Any CPU.ActiveCfg = Release|Any CPU
	EndGlobalSection
	GlobalSection(SolutionProperties) = preSolution
		HideSolutionNode = FALSE
	EndGlobalSection
	GlobalSection(ExtensibilityGlobals) = postSolution
		SolutionGuid = {EEF268E0-7FEC-4C77-BC6F-1BEF935BDCA5}
	EndGlobalSection
EndGlobal
